
Microsoft Visual Studio Solution File, Format Version 12.00
Project("{FAE04EC0-301F-11D3-BF4B-00C04F79EFBC}") = "LABO_OOP", "LABO_OOP.csproj", "{1E29A0CA-1711-47AF-B307-56B16C3694DE}"
EndProject
Global
	GlobalSection(SolutionConfigurationPlatforms) = preSolution
		Debug|Any CPU = Debug|Any CPU
		Release|Any CPU = Release|Any CPU
	EndGlobalSection
	GlobalSection(ProjectConfigurationPlatforms) = postSolution
		{1E29A0CA-1711-47AF-B307-56B16C3694DE}.Debug|Any CPU.ActiveCfg = Debug|Any CPU
		{1E29A0CA-1711-47AF-B307-56B16C3694DE}.Debug|Any CPU.Build.0 = Debug|Any CPU
		{1E29A0CA-1711-47AF-B307-56B16C3694DE}.Release|Any CPU.ActiveCfg = Release|Any CPU
		{1E29A0CA-1711-47AF-B307-56B16C3694DE}.Release|Any CPU.Build.0 = Release|Any CPU
	EndGlobalSection
EndGlobal
